PODS:
  - MachineLearningKit (0.1.6):
    - Upsurge
  - Nimble (6.0.1)
  - Quick (1.1.0)
  - Upsurge (0.8.0)

DEPENDENCIES:
  - MachineLearningKit (from `../`)
  - Nimble
  - Quick
  - Upsurge

EXTERNAL SOURCES:
  MachineLearningKit:
    :path: "../"

SPEC CHECKSUMS:
  MachineLearningKit: 0402701c501bfee52a2ebf48426a33b47d698dcd
  Nimble: 1527fd1bd2b4cf0636251a36bc8ab37e81da8347
  Quick: dafc587e21eed9f4cab3249b9f9015b0b7a7f71d
  Upsurge: 614412863a3b5470b31636a004654b6ef3a34f47

PODFILE CHECKSUM: 6efa57e13fa4fabb331b61a3a84a43c047bb3113

COCOAPODS: 1.2.1.beta.1
