// !$*UTF8*$!
{
	archiveVersion = 1;
	classes = {
	};
	objectVersion = 46;
	objects = {

/* Begin PBXBuildFile section */
		16C9F55B9FB2BEAF643302B4 /* Pods_MLKit_Example.framework in Frameworks */ = {isa = PBXBuildFile; fileRef = 8829C99A800D59865185C8D0 /* Pods_MLKit_Example.framework */; };
		7D7064C9A3631B7752642915 /* Pods_MLKit_Tests.framework in Frameworks */ = {isa = PBXBuildFile; fileRef = 4F7E553BF29858564109C95C /* Pods_MLKit_Tests.framework */; };
		9A2618FF1E6F1C5E006B9D6E /* GeneticSpec.swift in Sources */ = {isa = PBXBuildFile; fileRef = 9A2618FD1E6F1C4E006B9D6E /* GeneticSpec.swift */; };
		9A54B3B81E5B5D6D0059B577 /* kc_house_data.csv in Resources */ = {isa = PBXBuildFile; fileRef = 9A54B3B71E5B5D6D0059B577 /* kc_house_data.csv */; };
		9A92AE061E6DB958000DBC84 /* LassoRegressionSpec.swift in Sources */ = {isa = PBXBuildFile; fileRef = 9A92AE051E6DB958000DBC84 /* LassoRegressionSpec.swift */; };
		9A92AE081E6DB96B000DBC84 /* MLDataManagerSpec.swift in Sources */ = {isa = PBXBuildFile; fileRef = 9A92AE071E6DB96B000DBC84 /* MLDataManagerSpec.swift */; };
		9A92AE0A1E6DB984000DBC84 /* PolynomialRegressionSpec.swift in Sources */ = {isa = PBXBuildFile; fileRef = 9A92AE091E6DB984000DBC84 /* PolynomialRegressionSpec.swift */; };
		9A92AE0C1E6DB995000DBC84 /* SimpleLinearRegressionSpec.swift in Sources */ = {isa = PBXBuildFile; fileRef = 9A92AE0B1E6DB995000DBC84 /* SimpleLinearRegressionSpec.swift */; };
		9A92AE0E1E6DB9A4000DBC84 /* RidgeRegressionSpec.swift in Sources */ = {isa = PBXBuildFile; fileRef = 9A92AE0D1E6DB9A4000DBC84 /* RidgeRegressionSpec.swift */; };
		9A92AE101E6DB9B1000DBC84 /* NeuralNetworkSpec.swift in Sources */ = {isa = PBXBuildFile; fileRef = 9A92AE0F1E6DB9B1000DBC84 /* NeuralNetworkSpec.swift */; };
		9A92AE141E6DBD9A000DBC84 /* CSVReader.swift in Sources */ = {isa = PBXBuildFile; fileRef = 9A92AE131E6DBD9A000DBC84 /* CSVReader.swift */; };
		E10B1DC72135EE7A0076E94D /* LaunchImage.png in Resources */ = {isa = PBXBuildFile; fileRef = E10B1DC62135EE7A0076E94D /* LaunchImage.png */; };
		E10B1DCA2135EEEF0076E94D /* LaunchScreen.storyboard in Resources */ = {isa = PBXBuildFile; fileRef = E10B1DC82135EEEE0076E94D /* LaunchScreen.storyboard */; };
		E163E7B221352514002310EB /* GameViewController.swift in Sources */ = {isa = PBXBuildFile; fileRef = E163E79921352514002310EB /* GameViewController.swift */; };
		E163E7B521352514002310EB /* Images.xcassets in Resources */ = {isa = PBXBuildFile; fileRef = E163E79E21352514002310EB /* Images.xcassets */; };
		E163E7B621352514002310EB /* GameScene.sks in Resources */ = {isa = PBXBuildFile; fileRef = E163E79F21352514002310EB /* GameScene.sks */; };
		E163E7B721352514002310EB /* AppDelegate.swift in Sources */ = {isa = PBXBuildFile; fileRef = E163E7A021352514002310EB /* AppDelegate.swift */; };
		E163E7B821352514002310EB /* GameScene.swift in Sources */ = {isa = PBXBuildFile; fileRef = E163E7A121352514002310EB /* GameScene.swift */; };
		E163E7B921352514002310EB /* GeneticOperations.swift in Sources */ = {isa = PBXBuildFile; fileRef = E163E7A221352514002310EB /* GeneticOperations.swift */; };
		E163E7CB21352561002310EB /* Main.storyboard in Resources */ = {isa = PBXBuildFile; fileRef = E163E7C721352561002310EB /* Main.storyboard */; };
		E163E7CC21352561002310EB /* bird.atlas in Resources */ = {isa = PBXBuildFile; fileRef = E163E7C921352561002310EB /* bird.atlas */; };
/* End PBXBuildFile section */

/* Begin PBXContainerItemProxy section */
		607FACE61AFB9204008FA782 /* PBXContainerItemProxy */ = {
			isa = PBXContainerItemProxy;
			containerPortal = 607FACC81AFB9204008FA782 /* Project object */;
			proxyType = 1;
			remoteGlobalIDString = 607FACCF1AFB9204008FA782;
			remoteInfo = MLKit;
		};
/* End PBXContainerItemProxy section */

/* Begin PBXCopyFilesBuildPhase section */
		9A4707BB1E5C8FCB002C2268 /* Embed Frameworks */ = {
			isa = PBXCopyFilesBuildPhase;
			buildActionMask = 2147483647;
			dstPath = "";
			dstSubfolderSpec = 10;
			files = (
			);
			name = "Embed Frameworks";
			runOnlyForDeploymentPostprocessing = 0;
		};
/* End PBXCopyFilesBuildPhase section */

/* Begin PBXFileReference section */
		0A3DE73AE01ACF9939D79E62 /* Pods-MLKit_Tests.debug.xcconfig */ = {isa = PBXFileReference; includeInIndex = 1; lastKnownFileType = text.xcconfig; name = "Pods-MLKit_Tests.debug.xcconfig"; path = "Pods/Target Support Files/Pods-MLKit_Tests/Pods-MLKit_Tests.debug.xcconfig"; sourceTree = "<group>"; };
		1C1CAD4BD2BE393928F7BE50 /* LICENSE */ = {isa = PBXFileReference; includeInIndex = 1; lastKnownFileType = text; name = LICENSE; path = ../LICENSE; sourceTree = "<group>"; };
		4F7E553BF29858564109C95C /* Pods_MLKit_Tests.framework */ = {isa = PBXFileReference; explicitFileType = wrapper.framework; includeInIndex = 0; path = Pods_MLKit_Tests.framework; sourceTree = BUILT_PRODUCTS_DIR; };
		533ED56CBC06E518D99EE4BE /* Pods-MLKit_Example.debug.xcconfig */ = {isa = PBXFileReference; includeInIndex = 1; lastKnownFileType = text.xcconfig; name = "Pods-MLKit_Example.debug.xcconfig"; path = "Pods/Target Support Files/Pods-MLKit_Example/Pods-MLKit_Example.debug.xcconfig"; sourceTree = "<group>"; };
		607FACD01AFB9204008FA782 /* MLKit_Example.app */ = {isa = PBXFileReference; explicitFileType = wrapper.application; includeInIndex = 0; path = MLKit_Example.app; sourceTree = BUILT_PRODUCTS_DIR; };
		607FACE51AFB9204008FA782 /* MLKit_Tests.xctest */ = {isa = PBXFileReference; explicitFileType = wrapper.cfbundle; includeInIndex = 0; path = MLKit_Tests.xctest; sourceTree = BUILT_PRODUCTS_DIR; };
		607FACEA1AFB9204008FA782 /* Info.plist */ = {isa = PBXFileReference; lastKnownFileType = text.plist.xml; path = Info.plist; sourceTree = "<group>"; };
		65CE8F014155800F07E3652F /* README.md */ = {isa = PBXFileReference; includeInIndex = 1; lastKnownFileType = net.daringfireball.markdown; name = README.md; path = ../README.md; sourceTree = "<group>"; };
		6FE1BF7F8EF374CFB92CBB77 /* Pods-MLKit_Tests.release.xcconfig */ = {isa = PBXFileReference; includeInIndex = 1; lastKnownFileType = text.xcconfig; name = "Pods-MLKit_Tests.release.xcconfig"; path = "Pods/Target Support Files/Pods-MLKit_Tests/Pods-MLKit_Tests.release.xcconfig"; sourceTree = "<group>"; };
		8829C99A800D59865185C8D0 /* Pods_MLKit_Example.framework */ = {isa = PBXFileReference; explicitFileType = wrapper.framework; includeInIndex = 0; path = Pods_MLKit_Example.framework; sourceTree = BUILT_PRODUCTS_DIR; };
		9A2618FD1E6F1C4E006B9D6E /* GeneticSpec.swift */ = {isa = PBXFileReference; fileEncoding = 4; lastKnownFileType = sourcecode.swift; path = GeneticSpec.swift; sourceTree = "<group>"; };
		9A54B3B71E5B5D6D0059B577 /* kc_house_data.csv */ = {isa = PBXFileReference; fileEncoding = 4; lastKnownFileType = text; path = kc_house_data.csv; sourceTree = "<group>"; };
		9A92AE051E6DB958000DBC84 /* LassoRegressionSpec.swift */ = {isa = PBXFileReference; fileEncoding = 4; lastKnownFileType = sourcecode.swift; path = LassoRegressionSpec.swift; sourceTree = "<group>"; };
		9A92AE071E6DB96B000DBC84 /* MLDataManagerSpec.swift */ = {isa = PBXFileReference; fileEncoding = 4; lastKnownFileType = sourcecode.swift; path = MLDataManagerSpec.swift; sourceTree = "<group>"; };
		9A92AE091E6DB984000DBC84 /* PolynomialRegressionSpec.swift */ = {isa = PBXFileReference; fileEncoding = 4; lastKnownFileType = sourcecode.swift; path = PolynomialRegressionSpec.swift; sourceTree = "<group>"; };
		9A92AE0B1E6DB995000DBC84 /* SimpleLinearRegressionSpec.swift */ = {isa = PBXFileReference; fileEncoding = 4; lastKnownFileType = sourcecode.swift; path = SimpleLinearRegressionSpec.swift; sourceTree = "<group>"; };
		9A92AE0D1E6DB9A4000DBC84 /* RidgeRegressionSpec.swift */ = {isa = PBXFileReference; fileEncoding = 4; lastKnownFileType = sourcecode.swift; path = RidgeRegressionSpec.swift; sourceTree = "<group>"; };
		9A92AE0F1E6DB9B1000DBC84 /* NeuralNetworkSpec.swift */ = {isa = PBXFileReference; fileEncoding = 4; lastKnownFileType = sourcecode.swift; path = NeuralNetworkSpec.swift; sourceTree = "<group>"; };
		9A92AE131E6DBD9A000DBC84 /* CSVReader.swift */ = {isa = PBXFileReference; fileEncoding = 4; lastKnownFileType = sourcecode.swift; path = CSVReader.swift; sourceTree = "<group>"; };
		AD54BBE1B07E33FF3F5DD543 /* Pods-MLKit_Example.release.xcconfig */ = {isa = PBXFileReference; includeInIndex = 1; lastKnownFileType = text.xcconfig; name = "Pods-MLKit_Example.release.xcconfig"; path = "Pods/Target Support Files/Pods-MLKit_Example/Pods-MLKit_Example.release.xcconfig"; sourceTree = "<group>"; };
		BCFC43680C2D8165DD3A9F1E /* MachineLearningKit.podspec */ = {isa = PBXFileReference; includeInIndex = 1; lastKnownFileType = text; name = MachineLearningKit.podspec; path = ../MachineLearningKit.podspec; sourceTree = "<group>"; xcLanguageSpecificationIdentifier = xcode.lang.ruby; };
		E10B1DC62135EE7A0076E94D /* LaunchImage.png */ = {isa = PBXFileReference; lastKnownFileType = image.png; path = LaunchImage.png; sourceTree = "<group>"; };
		E10B1DC92135EEEE0076E94D /* Base */ = {isa = PBXFileReference; lastKnownFileType = file.storyboard; name = Base; path = LaunchScreen.storyboard; sourceTree = "<group>"; };
		E163E79921352514002310EB /* GameViewController.swift */ = {isa = PBXFileReference; fileEncoding = 4; lastKnownFileType = sourcecode.swift; path = GameViewController.swift; sourceTree = "<group>"; };
		E163E79E21352514002310EB /* Images.xcassets */ = {isa = PBXFileReference; lastKnownFileType = folder.assetcatalog; path = Images.xcassets; sourceTree = "<group>"; };
		E163E79F21352514002310EB /* GameScene.sks */ = {isa = PBXFileReference; lastKnownFileType = file.sks; path = GameScene.sks; sourceTree = "<group>"; };
		E163E7A021352514002310EB /* AppDelegate.swift */ = {isa = PBXFileReference; fileEncoding = 4; lastKnownFileType = sourcecode.swift; path = AppDelegate.swift; sourceTree = "<group>"; };
		E163E7A121352514002310EB /* GameScene.swift */ = {isa = PBXFileReference; fileEncoding = 4; lastKnownFileType = sourcecode.swift; path = GameScene.swift; sourceTree = "<group>"; };
		E163E7A221352514002310EB /* GeneticOperations.swift */ = {isa = PBXFileReference; fileEncoding = 4; lastKnownFileType = sourcecode.swift; path = GeneticOperations.swift; sourceTree = "<group>"; };
		E163E7A321352514002310EB /* Info.plist */ = {isa = PBXFileReference; fileEncoding = 4; lastKnownFileType = text.plist.xml; path = Info.plist; sourceTree = "<group>"; };
		E163E7C821352561002310EB /* Base */ = {isa = PBXFileReference; lastKnownFileType = file.storyboard; name = Base; path = Main.storyboard; sourceTree = "<group>"; };
		E163E7C921352561002310EB /* bird.atlas */ = {isa = PBXFileReference; lastKnownFileType = folder.skatlas; path = bird.atlas; sourceTree = "<group>"; };
/* End PBXFileReference section */

/* Begin PBXFrameworksBuildPhase section */
		607FACCD1AFB9204008FA782 /* Frameworks */ = {
			isa = PBXFrameworksBuildPhase;
			buildActionMask = 2147483647;
			files = (
				16C9F55B9FB2BEAF643302B4 /* Pods_MLKit_Example.framework in Frameworks */,
			);
			runOnlyForDeploymentPostprocessing = 0;
		};
		607FACE21AFB9204008FA782 /* Frameworks */ = {
			isa = PBXFrameworksBuildPhase;
			buildActionMask = 2147483647;
			files = (
				7D7064C9A3631B7752642915 /* Pods_MLKit_Tests.framework in Frameworks */,
			);
			runOnlyForDeploymentPostprocessing = 0;
		};
/* End PBXFrameworksBuildPhase section */

/* Begin PBXGroup section */
		2BB0D1DA9E4FBF6A18F70F15 /* Pods */ = {
			isa = PBXGroup;
			children = (
				533ED56CBC06E518D99EE4BE /* Pods-MLKit_Example.debug.xcconfig */,
				AD54BBE1B07E33FF3F5DD543 /* Pods-MLKit_Example.release.xcconfig */,
				0A3DE73AE01ACF9939D79E62 /* Pods-MLKit_Tests.debug.xcconfig */,
				6FE1BF7F8EF374CFB92CBB77 /* Pods-MLKit_Tests.release.xcconfig */,
			);
			name = Pods;
			sourceTree = "<group>";
		};
		57072F0F47007FC58546662D /* Frameworks */ = {
			isa = PBXGroup;
			children = (
				8829C99A800D59865185C8D0 /* Pods_MLKit_Example.framework */,
				4F7E553BF29858564109C95C /* Pods_MLKit_Tests.framework */,
			);
			name = Frameworks;
			sourceTree = "<group>";
		};
		607FACC71AFB9204008FA782 = {
			isa = PBXGroup;
			children = (
				1C1CAD4BD2BE393928F7BE50 /* LICENSE */,
				BCFC43680C2D8165DD3A9F1E /* MachineLearningKit.podspec */,
				65CE8F014155800F07E3652F /* README.md */,
				E163E79721352514002310EB /* MLKit */,
				607FACE81AFB9204008FA782 /* Tests */,
				607FACD11AFB9204008FA782 /* Products */,
				2BB0D1DA9E4FBF6A18F70F15 /* Pods */,
				57072F0F47007FC58546662D /* Frameworks */,
			);
			sourceTree = "<group>";
		};
		607FACD11AFB9204008FA782 /* Products */ = {
			isa = PBXGroup;
			children = (
				607FACD01AFB9204008FA782 /* MLKit_Example.app */,
				607FACE51AFB9204008FA782 /* MLKit_Tests.xctest */,
			);
			name = Products;
			sourceTree = "<group>";
		};
		607FACE81AFB9204008FA782 /* Tests */ = {
			isa = PBXGroup;
			children = (
				9A92AE131E6DBD9A000DBC84 /* CSVReader.swift */,
				9A2618FD1E6F1C4E006B9D6E /* GeneticSpec.swift */,
				607FACEA1AFB9204008FA782 /* Info.plist */,
				9A54B3B71E5B5D6D0059B577 /* kc_house_data.csv */,
				9A92AE051E6DB958000DBC84 /* LassoRegressionSpec.swift */,
				9A92AE071E6DB96B000DBC84 /* MLDataManagerSpec.swift */,
				9A92AE0F1E6DB9B1000DBC84 /* NeuralNetworkSpec.swift */,
				9A92AE091E6DB984000DBC84 /* PolynomialRegressionSpec.swift */,
				9A92AE0D1E6DB9A4000DBC84 /* RidgeRegressionSpec.swift */,
				9A92AE0B1E6DB995000DBC84 /* SimpleLinearRegressionSpec.swift */,
			);
			path = Tests;
			sourceTree = "<group>";
		};
		E163E79721352514002310EB /* MLKit */ = {
			isa = PBXGroup;
			children = (
				E163E7A021352514002310EB /* AppDelegate.swift */,
				E163E7C421352561002310EB /* Base.lproj */,
				E163E7C921352561002310EB /* bird.atlas */,
				E163E79F21352514002310EB /* GameScene.sks */,
				E163E7A121352514002310EB /* GameScene.swift */,
				E163E79921352514002310EB /* GameViewController.swift */,
				E163E7A221352514002310EB /* GeneticOperations.swift */,
				E163E79E21352514002310EB /* Images.xcassets */,
				E163E7A321352514002310EB /* Info.plist */,
				E10B1DC62135EE7A0076E94D /* LaunchImage.png */,
			);
			path = MLKit;
			sourceTree = "<group>";
		};
		E163E7C421352561002310EB /* Base.lproj */ = {
			isa = PBXGroup;
			children = (
				E10B1DC82135EEEE0076E94D /* LaunchScreen.storyboard */,
				E163E7C721352561002310EB /* Main.storyboard */,
			);
			path = Base.lproj;
			sourceTree = "<group>";
		};
/* End PBXGroup section */

/* Begin PBXNativeTarget section */
		607FACCF1AFB9204008FA782 /* MLKit_Example */ = {
			isa = PBXNativeTarget;
			buildConfigurationList = 607FACEF1AFB9204008FA782 /* Build configuration list for PBXNativeTarget "MLKit_Example" */;
			buildPhases = (
				CBF04E3B88BDFD9CA04873B6 /* [CP] Check Pods Manifest.lock */,
				607FACCC1AFB9204008FA782 /* Sources */,
				607FACCD1AFB9204008FA782 /* Frameworks */,
				607FACCE1AFB9204008FA782 /* Resources */,
				B2A28970539C0F840B7FC745 /* [CP] Embed Pods Frameworks */,
				9A4707BB1E5C8FCB002C2268 /* Embed Frameworks */,
			);
			buildRules = (
			);
			dependencies = (
			);
			name = MLKit_Example;
			productName = MLKit;
			productReference = 607FACD01AFB9204008FA782 /* MLKit_Example.app */;
			productType = "com.apple.product-type.application";
		};
		607FACE41AFB9204008FA782 /* MLKit_Tests */ = {
			isa = PBXNativeTarget;
			buildConfigurationList = 607FACF21AFB9204008FA782 /* Build configuration list for PBXNativeTarget "MLKit_Tests" */;
			buildPhases = (
				C22D67A266EFE17D17F25C9A /* [CP] Check Pods Manifest.lock */,
				607FACE11AFB9204008FA782 /* Sources */,
				607FACE21AFB9204008FA782 /* Frameworks */,
				607FACE31AFB9204008FA782 /* Resources */,
				24A3EFCC92C196B1ED88B40B /* [CP] Embed Pods Frameworks */,
			);
			buildRules = (
			);
			dependencies = (
				607FACE71AFB9204008FA782 /* PBXTargetDependency */,
			);
			name = MLKit_Tests;
			productName = Tests;
			productReference = 607FACE51AFB9204008FA782 /* MLKit_Tests.xctest */;
			productType = "com.apple.product-type.bundle.unit-test";
		};
/* End PBXNativeTarget section */

/* Begin PBXProject section */
		607FACC81AFB9204008FA782 /* Project object */ = {
			isa = PBXProject;
			attributes = {
				LastSwiftUpdateCheck = 0720;
				LastUpgradeCheck = 0940;
				ORGANIZATIONNAME = CocoaPods;
				TargetAttributes = {
					607FACCF1AFB9204008FA782 = {
						CreatedOnToolsVersion = 6.3.1;
						LastSwiftMigration = 0940;
						ProvisioningStyle = Automatic;
					};
					607FACE41AFB9204008FA782 = {
						CreatedOnToolsVersion = 6.3.1;
						DevelopmentTeam = DZV4MYF2U6;
						LastSwiftMigration = 0940;
						TestTargetID = 607FACCF1AFB9204008FA782;
					};
				};
			};
			buildConfigurationList = 607FACCB1AFB9204008FA782 /* Build configuration list for PBXProject "MLKit" */;
			compatibilityVersion = "Xcode 3.2";
			developmentRegion = English;
			hasScannedForEncodings = 0;
			knownRegions = (
				en,
				Base,
			);
			mainGroup = 607FACC71AFB9204008FA782;
			productRefGroup = 607FACD11AFB9204008FA782 /* Products */;
			projectDirPath = "";
			projectRoot = "";
			targets = (
				607FACCF1AFB9204008FA782 /* MLKit_Example */,
				607FACE41AFB9204008FA782 /* MLKit_Tests */,
			);
		};
/* End PBXProject section */

/* Begin PBXResourcesBuildPhase section */
		607FACCE1AFB9204008FA782 /* Resources */ = {
			isa = PBXResourcesBuildPhase;
			buildActionMask = 2147483647;
			files = (
				E163E7CB21352561002310EB /* Main.storyboard in Resources */,
				E163E7B521352514002310EB /* Images.xcassets in Resources */,
				E10B1DC72135EE7A0076E94D /* LaunchImage.png in Resources */,
				E163E7B621352514002310EB /* GameScene.sks in Resources */,
				E10B1DCA2135EEEF0076E94D /* LaunchScreen.storyboard in Resources */,
				E163E7CC21352561002310EB /* bird.atlas in Resources */,
			);
			runOnlyForDeploymentPostprocessing = 0;
		};
		607FACE31AFB9204008FA782 /* Resources */ = {
			isa = PBXResourcesBuildPhase;
			buildActionMask = 2147483647;
			files = (
				9A54B3B81E5B5D6D0059B577 /* kc_house_data.csv in Resources */,
			);
			runOnlyForDeploymentPostprocessing = 0;
		};
/* End PBXResourcesBuildPhase section */

/* Begin PBXShellScriptBuildPhase section */
		24A3EFCC92C196B1ED88B40B /* [CP] Embed Pods Frameworks */ = {
			isa = PBXShellScriptBuildPhase;
			buildActionMask = 2147483647;
			files = (
			);
			inputPaths = (
				"${SRCROOT}/Pods/Target Support Files/Pods-MLKit_Tests/Pods-MLKit_Tests-frameworks.sh",
				"${BUILT_PRODUCTS_DIR}/Nimble/Nimble.framework",
				"${BUILT_PRODUCTS_DIR}/Quick/Quick.framework",
			);
			name = "[CP] Embed Pods Frameworks";
			outputPaths = (
				"${TARGET_BUILD_DIR}/${FRAMEWORKS_FOLDER_PATH}/Nimble.framework",
				"${TARGET_BUILD_DIR}/${FRAMEWORKS_FOLDER_PATH}/Quick.framework",
			);
			runOnlyForDeploymentPostprocessing = 0;
			shellPath = /bin/sh;
			shellScript = "\"${SRCROOT}/Pods/Target Support Files/Pods-MLKit_Tests/Pods-MLKit_Tests-frameworks.sh\"\n";
			showEnvVarsInLog = 0;
		};
		B2A28970539C0F840B7FC745 /* [CP] Embed Pods Frameworks */ = {
			isa = PBXShellScriptBuildPhase;
			buildActionMask = 2147483647;
			files = (
			);
			inputPaths = (
				"${SRCROOT}/Pods/Target Support Files/Pods-MLKit_Example/Pods-MLKit_Example-frameworks.sh",
				"${BUILT_PRODUCTS_DIR}/MachineLearningKit/MachineLearningKit.framework",
				"${BUILT_PRODUCTS_DIR}/Upsurge/Upsurge.framework",
			);
			name = "[CP] Embed Pods Frameworks";
			outputPaths = (
				"${TARGET_BUILD_DIR}/${FRAMEWORKS_FOLDER_PATH}/MachineLearningKit.framework",
				"${TARGET_BUILD_DIR}/${FRAMEWORKS_FOLDER_PATH}/Upsurge.framework",
			);
			runOnlyForDeploymentPostprocessing = 0;
			shellPath = /bin/sh;
			shellScript = "\"${SRCROOT}/Pods/Target Support Files/Pods-MLKit_Example/Pods-MLKit_Example-frameworks.sh\"\n";
			showEnvVarsInLog = 0;
		};
		C22D67A266EFE17D17F25C9A /* [CP] Check Pods Manifest.lock */ = {
			isa = PBXShellScriptBuildPhase;
			buildActionMask = 2147483647;
			files = (
			);
			inputPaths = (
				"${PODS_PODFILE_DIR_PATH}/Podfile.lock",
				"${PODS_ROOT}/Manifest.lock",
			);
			name = "[CP] Check Pods Manifest.lock";
			outputPaths = (
				"$(DERIVED_FILE_DIR)/Pods-MLKit_Tests-checkManifestLockResult.txt",
			);
			runOnlyForDeploymentPostprocessing = 0;
			shellPath = /bin/sh;
			shellScript = "diff \"${PODS_PODFILE_DIR_PATH}/Podfile.lock\" \"${PODS_ROOT}/Manifest.lock\" > /dev/null\nif [ $? != 0 ] ; then\n    # print error to STDERR\n    echo \"error: The sandbox is not in sync with the Podfile.lock. Run 'pod install' or update your CocoaPods installation.\" >&2\n    exit 1\nfi\n# This output is used by Xcode 'outputs' to avoid re-running this script phase.\necho \"SUCCESS\" > \"${SCRIPT_OUTPUT_FILE_0}\"\n";
			showEnvVarsInLog = 0;
		};
		CBF04E3B88BDFD9CA04873B6 /* [CP] Check Pods Manifest.lock */ = {
			isa = PBXShellScriptBuildPhase;
			buildActionMask = 2147483647;
			files = (
			);
			inputPaths = (
				"${PODS_PODFILE_DIR_PATH}/Podfile.lock",
				"${PODS_ROOT}/Manifest.lock",
			);
			name = "[CP] Check Pods Manifest.lock";
			outputPaths = (
				"$(DERIVED_FILE_DIR)/Pods-MLKit_Example-checkManifestLockResult.txt",
			);
			runOnlyForDeploymentPostprocessing = 0;
			shellPath = /bin/sh;
			shellScript = "diff \"${PODS_PODFILE_DIR_PATH}/Podfile.lock\" \"${PODS_ROOT}/Manifest.lock\" > /dev/null\nif [ $? != 0 ] ; then\n    # print error to STDERR\n    echo \"error: The sandbox is not in sync with the Podfile.lock. Run 'pod install' or update your CocoaPods installation.\" >&2\n    exit 1\nfi\n# This output is used by Xcode 'outputs' to avoid re-running this script phase.\necho \"SUCCESS\" > \"${SCRIPT_OUTPUT_FILE_0}\"\n";
			showEnvVarsInLog = 0;
		};
/* End PBXShellScriptBuildPhase section */

/* Begin PBXSourcesBuildPhase section */
		607FACCC1AFB9204008FA782 /* Sources */ = {
			isa = PBXSourcesBuildPhase;
			buildActionMask = 2147483647;
			files = (
				E163E7B821352514002310EB /* GameScene.swift in Sources */,
				E163E7B921352514002310EB /* GeneticOperations.swift in Sources */,
				E163E7B721352514002310EB /* AppDelegate.swift in Sources */,
				E163E7B221352514002310EB /* GameViewController.swift in Sources */,
			);
			runOnlyForDeploymentPostprocessing = 0;
		};
		607FACE11AFB9204008FA782 /* Sources */ = {
			isa = PBXSourcesBuildPhase;
			buildActionMask = 2147483647;
			files = (
				9A92AE0C1E6DB995000DBC84 /* SimpleLinearRegressionSpec.swift in Sources */,
				9A92AE0E1E6DB9A4000DBC84 /* RidgeRegressionSpec.swift in Sources */,
				9A92AE0A1E6DB984000DBC84 /* PolynomialRegressionSpec.swift in Sources */,
				9A92AE061E6DB958000DBC84 /* LassoRegressionSpec.swift in Sources */,
				9A92AE081E6DB96B000DBC84 /* MLDataManagerSpec.swift in Sources */,
				9A92AE101E6DB9B1000DBC84 /* NeuralNetworkSpec.swift in Sources */,
				9A2618FF1E6F1C5E006B9D6E /* GeneticSpec.swift in Sources */,
				9A92AE141E6DBD9A000DBC84 /* CSVReader.swift in Sources */,
			);
			runOnlyForDeploymentPostprocessing = 0;
		};
/* End PBXSourcesBuildPhase section */

/* Begin PBXTargetDependency section */
		607FACE71AFB9204008FA782 /* PBXTargetDependency */ = {
			isa = PBXTargetDependency;
			target = 607FACCF1AFB9204008FA782 /* MLKit_Example */;
			targetProxy = 607FACE61AFB9204008FA782 /* PBXContainerItemProxy */;
		};
/* End PBXTargetDependency section */

/* Begin PBXVariantGroup section */
		E10B1DC82135EEEE0076E94D /* LaunchScreen.storyboard */ = {
			isa = PBXVariantGroup;
			children = (
				E10B1DC92135EEEE0076E94D /* Base */,
			);
			name = LaunchScreen.storyboard;
			sourceTree = "<group>";
		};
		E163E7C721352561002310EB /* Main.storyboard */ = {
			isa = PBXVariantGroup;
			children = (
				E163E7C821352561002310EB /* Base */,
			);
			name = Main.storyboard;
			sourceTree = "<group>";
		};
/* End PBXVariantGroup section */

/* Begin XCBuildConfiguration section */
		607FACED1AFB9204008FA782 /* Debug */ = {
			isa = XCBuildConfiguration;
			buildSettings = {
				ALWAYS_SEARCH_USER_PATHS = NO;
				CLANG_CXX_LANGUAGE_STANDARD = "gnu++0x";
				CLANG_CXX_LIBRARY = "libc++";
				CLANG_ENABLE_MODULES = YES;
				CLANG_ENABLE_OBJC_ARC = YES;
				CLANG_WARN_BLOCK_CAPTURE_AUTORELEASING = YES;
				CLANG_WARN_BOOL_CONVERSION = YES;
				CLANG_WARN_COMMA = YES;
				CLANG_WARN_CONSTANT_CONVERSION = YES;
				CLANG_WARN_DEPRECATED_OBJC_IMPLEMENTATIONS = YES;
				CLANG_WARN_DIRECT_OBJC_ISA_USAGE = YES_ERROR;
				CLANG_WARN_EMPTY_BODY = YES;
				CLANG_WARN_ENUM_CONVERSION = YES;
				CLANG_WARN_INFINITE_RECURSION = YES;
				CLANG_WARN_INT_CONVERSION = YES;
				CLANG_WARN_NON_LITERAL_NULL_CONVERSION = YES;
				CLANG_WARN_OBJC_IMPLICIT_RETAIN_SELF = YES;
				CLANG_WARN_OBJC_LITERAL_CONVERSION = YES;
				CLANG_WARN_OBJC_ROOT_CLASS = YES_ERROR;
				CLANG_WARN_RANGE_LOOP_ANALYSIS = YES;
				CLANG_WARN_STRICT_PROTOTYPES = YES;
				CLANG_WARN_SUSPICIOUS_MOVE = YES;
				CLANG_WARN_UNREACHABLE_CODE = YES;
				CLANG_WARN__DUPLICATE_METHOD_MATCH = YES;
				"CODE_SIGN_IDENTITY[sdk=iphoneos*]" = "iPhone Developer";
				COPY_PHASE_STRIP = NO;
				DEBUG_INFORMATION_FORMAT = "dwarf-with-dsym";
				ENABLE_STRICT_OBJC_MSGSEND = YES;
				ENABLE_TESTABILITY = YES;
				GCC_C_LANGUAGE_STANDARD = gnu99;
				GCC_DYNAMIC_NO_PIC = NO;
				GCC_NO_COMMON_BLOCKS = YES;
				GCC_OPTIMIZATION_LEVEL = 0;
				GCC_PREPROCESSOR_DEFINITIONS = (
					"DEBUG=1",
					"$(inherited)",
				);
				GCC_SYMBOLS_PRIVATE_EXTERN = NO;
				GCC_WARN_64_TO_32_BIT_CONVERSION = YES;
				GCC_WARN_ABOUT_RETURN_TYPE = YES_ERROR;
				GCC_WARN_UNDECLARED_SELECTOR = YES;
				GCC_WARN_UNINITIALIZED_AUTOS = YES_AGGRESSIVE;
				GCC_WARN_UNUSED_FUNCTION = YES;
				GCC_WARN_UNUSED_VARIABLE = YES;
				IPHONEOS_DEPLOYMENT_TARGET = 8.0;
				MTL_ENABLE_DEBUG_INFO = YES;
				ONLY_ACTIVE_ARCH = YES;
				SDKROOT = iphoneos;
				SWIFT_OPTIMIZATION_LEVEL = "-Onone";
			};
			name = Debug;
		};
		607FACEE1AFB9204008FA782 /* Release */ = {
			isa = XCBuildConfiguration;
			buildSettings = {
				ALWAYS_SEARCH_USER_PATHS = NO;
				CLANG_CXX_LANGUAGE_STANDARD = "gnu++0x";
				CLANG_CXX_LIBRARY = "libc++";
				CLANG_ENABLE_MODULES = YES;
				CLANG_ENABLE_OBJC_ARC = YES;
				CLANG_WARN_BLOCK_CAPTURE_AUTORELEASING = YES;
				CLANG_WARN_BOOL_CONVERSION = YES;
				CLANG_WARN_COMMA = YES;
				CLANG_WARN_CONSTANT_CONVERSION = YES;
				CLANG_WARN_DEPRECATED_OBJC_IMPLEMENTATIONS = YES;
				CLANG_WARN_DIRECT_OBJC_ISA_USAGE = YES_ERROR;
				CLANG_WARN_EMPTY_BODY = YES;
				CLANG_WARN_ENUM_CONVERSION = YES;
				CLANG_WARN_INFINITE_RECURSION = YES;
				CLANG_WARN_INT_CONVERSION = YES;
				CLANG_WARN_NON_LITERAL_NULL_CONVERSION = YES;
				CLANG_WARN_OBJC_IMPLICIT_RETAIN_SELF = YES;
				CLANG_WARN_OBJC_LITERAL_CONVERSION = YES;
				CLANG_WARN_OBJC_ROOT_CLASS = YES_ERROR;
				CLANG_WARN_RANGE_LOOP_ANALYSIS = YES;
				CLANG_WARN_STRICT_PROTOTYPES = YES;
				CLANG_WARN_SUSPICIOUS_MOVE = YES;
				CLANG_WARN_UNREACHABLE_CODE = YES;
				CLANG_WARN__DUPLICATE_METHOD_MATCH = YES;
				"CODE_SIGN_IDENTITY[sdk=iphoneos*]" = "iPhone Developer";
				COPY_PHASE_STRIP = NO;
				DEBUG_INFORMATION_FORMAT = "dwarf-with-dsym";
				ENABLE_NS_ASSERTIONS = NO;
				ENABLE_STRICT_OBJC_MSGSEND = YES;
				GCC_C_LANGUAGE_STANDARD = gnu99;
				GCC_NO_COMMON_BLOCKS = YES;
				GCC_WARN_64_TO_32_BIT_CONVERSION = YES;
				GCC_WARN_ABOUT_RETURN_TYPE = YES_ERROR;
				GCC_WARN_UNDECLARED_SELECTOR = YES;
				GCC_WARN_UNINITIALIZED_AUTOS = YES_AGGRESSIVE;
				GCC_WARN_UNUSED_FUNCTION = YES;
				GCC_WARN_UNUSED_VARIABLE = YES;
				IPHONEOS_DEPLOYMENT_TARGET = 8.0;
				MTL_ENABLE_DEBUG_INFO = NO;
				SDKROOT = iphoneos;
				SWIFT_OPTIMIZATION_LEVEL = "-Owholemodule";
				VALIDATE_PRODUCT = YES;
			};
			name = Release;
		};
		607FACF01AFB9204008FA782 /* Debug */ = {
			isa = XCBuildConfiguration;
			baseConfigurationReference = 533ED56CBC06E518D99EE4BE /* Pods-MLKit_Example.debug.xcconfig */;
			buildSettings = {
				ASSETCATALOG_COMPILER_APPICON_NAME = AppIcon;
				CLANG_ENABLE_MODULES = YES;
				"CODE_SIGN_IDENTITY[sdk=iphoneos*]" = "iPhone Developer";
				DEVELOPMENT_TEAM = "";
				INFOPLIST_FILE = MLKit/Info.plist;
				IPHONEOS_DEPLOYMENT_TARGET = 9.0;
				LD_RUNPATH_SEARCH_PATHS = "$(inherited) @executable_path/Frameworks";
				MODULE_NAME = ExampleApp;
				PRODUCT_BUNDLE_IDENTIFIER = "org.cocoapods.demo.$(PRODUCT_NAME:rfc1034identifier)";
				PRODUCT_NAME = "$(TARGET_NAME)";
				SWIFT_OPTIMIZATION_LEVEL = "-Onone";
				SWIFT_VERSION = 4.0;
			};
			name = Debug;
		};
		607FACF11AFB9204008FA782 /* Release */ = {
			isa = XCBuildConfiguration;
			baseConfigurationReference = AD54BBE1B07E33FF3F5DD543 /* Pods-MLKit_Example.release.xcconfig */;
			buildSettings = {
				ASSETCATALOG_COMPILER_APPICON_NAME = AppIcon;
				CLANG_ENABLE_MODULES = YES;
				"CODE_SIGN_IDENTITY[sdk=iphoneos*]" = "iPhone Developer";
				DEVELOPMENT_TEAM = "";
				INFOPLIST_FILE = MLKit/Info.plist;
				IPHONEOS_DEPLOYMENT_TARGET = 9.0;
				LD_RUNPATH_SEARCH_PATHS = "$(inherited) @executable_path/Frameworks";
				MODULE_NAME = ExampleApp;
				PRODUCT_BUNDLE_IDENTIFIER = "org.cocoapods.demo.$(PRODUCT_NAME:rfc1034identifier)";
				PRODUCT_NAME = "$(TARGET_NAME)";
				SWIFT_VERSION = 4.0;
			};
			name = Release;
		};
		607FACF31AFB9204008FA782 /* Debug */ = {
			isa = XCBuildConfiguration;
			baseConfigurationReference = 0A3DE73AE01ACF9939D79E62 /* Pods-MLKit_Tests.debug.xcconfig */;
			buildSettings = {
				ALWAYS_EMBED_SWIFT_STANDARD_LIBRARIES = YES;
				DEVELOPMENT_TEAM = DZV4MYF2U6;
				FRAMEWORK_SEARCH_PATHS = (
					"$(SDKROOT)/System/Library/Frameworks",
					"$(inherited)",
				);
				GCC_PREPROCESSOR_DEFINITIONS = (
					"DEBUG=1",
					"$(inherited)",
				);
				INFOPLIST_FILE = Tests/Info.plist;
				IPHONEOS_DEPLOYMENT_TARGET = 9.0;
				LD_RUNPATH_SEARCH_PATHS = "$(inherited) @executable_path/Frameworks @loader_path/Frameworks";
				PRODUCT_BUNDLE_IDENTIFIER = "org.cocoapods.$(PRODUCT_NAME:rfc1034identifier)";
				PRODUCT_NAME = "$(TARGET_NAME)";
				SWIFT_VERSION = 4.0;
				TEST_HOST = "$(BUILT_PRODUCTS_DIR)/MLKit_Example.app/MLKit_Example";
			};
			name = Debug;
		};
		607FACF41AFB9204008FA782 /* Release */ = {
			isa = XCBuildConfiguration;
			baseConfigurationReference = 6FE1BF7F8EF374CFB92CBB77 /* Pods-MLKit_Tests.release.xcconfig */;
			buildSettings = {
				ALWAYS_EMBED_SWIFT_STANDARD_LIBRARIES = YES;
				DEVELOPMENT_TEAM = DZV4MYF2U6;
				FRAMEWORK_SEARCH_PATHS = (
					"$(SDKROOT)/System/Library/Frameworks",
					"$(inherited)",
				);
				INFOPLIST_FILE = Tests/Info.plist;
				IPHONEOS_DEPLOYMENT_TARGET = 9.0;
				LD_RUNPATH_SEARCH_PATHS = "$(inherited) @executable_path/Frameworks @loader_path/Frameworks";
				PRODUCT_BUNDLE_IDENTIFIER = "org.cocoapods.$(PRODUCT_NAME:rfc1034identifier)";
				PRODUCT_NAME = "$(TARGET_NAME)";
				SWIFT_VERSION = 4.0;
				TEST_HOST = "$(BUILT_PRODUCTS_DIR)/MLKit_Example.app/MLKit_Example";
			};
			name = Release;
		};
/* End XCBuildConfiguration section */

/* Begin XCConfigurationList section */
		607FACCB1AFB9204008FA782 /* Build configuration list for PBXProject "MLKit" */ = {
			isa = XCConfigurationList;
			buildConfigurations = (
				607FACED1AFB9204008FA782 /* Debug */,
				607FACEE1AFB9204008FA782 /* Release */,
			);
			defaultConfigurationIsVisible = 0;
			defaultConfigurationName = Release;
		};
		607FACEF1AFB9204008FA782 /* Build configuration list for PBXNativeTarget "MLKit_Example" */ = {
			isa = XCConfigurationList;
			buildConfigurations = (
				607FACF01AFB9204008FA782 /* Debug */,
				607FACF11AFB9204008FA782 /* Release */,
			);
			defaultConfigurationIsVisible = 0;
			defaultConfigurationName = Release;
		};
		607FACF21AFB9204008FA782 /* Build configuration list for PBXNativeTarget "MLKit_Tests" */ = {
			isa = XCConfigurationList;
			buildConfigurations = (
				607FACF31AFB9204008FA782 /* Debug */,
				607FACF41AFB9204008FA782 /* Release */,
			);
			defaultConfigurationIsVisible = 0;
			defaultConfigurationName = Release;
		};
/* End XCConfigurationList section */
	};
	rootObject = 607FACC81AFB9204008FA782 /* Project object */;
}
